
Microsoft Visual Studio Solution File, Format Version 12.00
# Visual Studio 2012
Project("{FAE04EC0-301F-11D3-BF4B-00C04F79EFBC}") = "ThreeAmigos.ExpenseManagement", "32013-Assignment1\ThreeAmigos.ExpenseManagement.csproj", "{F75819BC-9E18-4067-B8F8-F451DA6CAE20}"
EndProject
Project("{FAE04EC0-301F-11D3-BF4B-00C04F79EFBC}") = "ThreeAmigos.ExpenseManagement.Test", "ThreeAmigos.ExpenseManagement.Test\ThreeAmigos.ExpenseManagement.Test.csproj", "{1EB58A7B-E5F7-4865-8966-E00A7666F465}"
EndProject
Global
	GlobalSection(SolutionConfigurationPlatforms) = preSolution
		Debug|Any CPU = Debug|Any CPU
		Release|Any CPU = Release|Any CPU
	EndGlobalSection
	GlobalSection(ProjectConfigurationPlatforms) = postSolution
		{F75819BC-9E18-4067-B8F8-F451DA6CAE20}.Debug|Any CPU.ActiveCfg = Debug|Any CPU
		{F75819BC-9E18-4067-B8F8-F451DA6CAE20}.Debug|Any CPU.Build.0 = Debug|Any CPU
		{F75819BC-9E18-4067-B8F8-F451DA6CAE20}.Release|Any CPU.ActiveCfg = Release|Any CPU
		{F75819BC-9E18-4067-B8F8-F451DA6CAE20}.Release|Any CPU.Build.0 = Release|Any CPU
		{1EB58A7B-E5F7-4865-8966-E00A7666F465}.Debug|Any CPU.ActiveCfg = Debug|Any CPU
		{1EB58A7B-E5F7-4865-8966-E00A7666F465}.Debug|Any CPU.Build.0 = Debug|Any CPU
		{1EB58A7B-E5F7-4865-8966-E00A7666F465}.Release|Any CPU.ActiveCfg = Release|Any CPU
		{1EB58A7B-E5F7-4865-8966-E00A7666F465}.Release|Any CPU.Build.0 = Release|Any CPU
	EndGlobalSection
	GlobalSection(SolutionProperties) = preSolution
		HideSolutionNode = FALSE
	EndGlobalSection
EndGlobal
